
Microsoft Visual Studio Solution File, Format Version 12.00
# Visual Studio 2013
VisualStudioVersion = 12.0.21005.1
MinimumVisualStudioVersion = 10.0.40219.1
Project("{FAE04EC0-301F-11D3-BF4B-00C04F79EFBC}") = "WebService1", "..\WS_Entidades_17_Sept\Test\WSEntidades\WebService1\WebService1.csproj", "{75050494-A917-4011-919F-0BBE41775234}"
EndProject
Global
	GlobalSection(SolutionConfigurationPlatforms) = preSolution
		Debug|Any CPU = Debug|Any CPU
		Release|Any CPU = Release|Any CPU
	EndGlobalSection
	GlobalSection(ProjectConfigurationPlatforms) = postSolution
		{75050494-A917-4011-919F-0BBE41775234}.Debug|Any CPU.ActiveCfg = Debug|Any CPU
		{75050494-A917-4011-919F-0BBE41775234}.Debug|Any CPU.Build.0 = Debug|Any CPU
		{75050494-A917-4011-919F-0BBE41775234}.Release|Any CPU.ActiveCfg = Release|Any CPU
		{75050494-A917-4011-919F-0BBE41775234}.Release|Any CPU.Build.0 = Release|Any CPU
	EndGlobalSection
	GlobalSection(SolutionProperties) = preSolution
		HideSolutionNode = FALSE
	EndGlobalSection
	GlobalSection(ExtensibilityGlobals) = postSolution
		SolutionGuid = {9FF6D9E8-FF9B-4183-BDE4-C3A2D7E15FE5}
	EndGlobalSection
EndGlobal
